
Microsoft Visual Studio Solution File, Format Version 11.00
# Visual Studio 2010
Project("{FAE04EC0-301F-11D3-BF4B-00C04F79EFBC}") = "hytc.ChatRomUDP", "hytc.ChatRomUDP\hytc.ChatRomUDP.csproj", "{453D6024-3816-4A32-B180-31767D20A6FE}"
EndProject
Global
	GlobalSection(SolutionConfigurationPlatforms) = preSolution
		Debug|x86 = Debug|x86
		Release|x86 = Release|x86
	EndGlobalSection
	GlobalSection(ProjectConfigurationPlatforms) = postSolution
		{453D6024-3816-4A32-B180-31767D20A6FE}.Debug|x86.ActiveCfg = Debug|x86
		{453D6024-3816-4A32-B180-31767D20A6FE}.Debug|x86.Build.0 = Debug|x86
		{453D6024-3816-4A32-B180-31767D20A6FE}.Release|x86.ActiveCfg = Release|x86
		{453D6024-3816-4A32-B180-31767D20A6FE}.Release|x86.Build.0 = Release|x86
	EndGlobalSection
	GlobalSection(SolutionProperties) = preSolution
		HideSolutionNode = FALSE
	EndGlobalSection
EndGlobal
